
Microsoft Visual Studio Solution File, Format Version 12.00
# Visual Studio Version 17
VisualStudioVersion = 17.3.32819.101
MinimumVisualStudioVersion = 10.0.40219.1
Project("{FAE04EC0-301F-11D3-BF4B-00C04F79EFBC}") = "While Loop with Method", "While Loop with Method\While Loop with Method.csproj", "{147110D9-7FA6-4C6C-8DDD-4669F8850655}"
EndProject
Global
	GlobalSection(SolutionConfigurationPlatforms) = preSolution
		Debug|Any CPU = Debug|Any CPU
		Release|Any CPU = Release|Any CPU
	EndGlobalSection
	GlobalSection(ProjectConfigurationPlatforms) = postSolution
		{147110D9-7FA6-4C6C-8DDD-4669F8850655}.Debug|Any CPU.ActiveCfg = Debug|Any CPU
		{147110D9-7FA6-4C6C-8DDD-4669F8850655}.Debug|Any CPU.Build.0 = Debug|Any CPU
		{147110D9-7FA6-4C6C-8DDD-4669F8850655}.Release|Any CPU.ActiveCfg = Release|Any CPU
		{147110D9-7FA6-4C6C-8DDD-4669F8850655}.Release|Any CPU.Build.0 = Release|Any CPU
	EndGlobalSection
	GlobalSection(SolutionProperties) = preSolution
		HideSolutionNode = FALSE
	EndGlobalSection
	GlobalSection(ExtensibilityGlobals) = postSolution
		SolutionGuid = {D206340A-5A52-416C-9F7F-3A0AF0D95BA0}
	EndGlobalSection
EndGlobal
